
Microsoft Visual Studio Solution File, Format Version 12.00
# Visual Studio Version 17
VisualStudioVersion = 17.5.002.0
MinimumVisualStudioVersion = 10.0.40219.1
Project("{9A19103F-16F7-4668-BE54-9A1E7A4F7556}") = "JWTInAspNetCore", "JWTInAspNetCore.csproj", "{A0EA8F53-5893-47F0-BA1B-095528BE8946}"
EndProject
Global
	GlobalSection(SolutionConfigurationPlatforms) = preSolution
		Debug|Any CPU = Debug|Any CPU
		Release|Any CPU = Release|Any CPU
	EndGlobalSection
	GlobalSection(ProjectConfigurationPlatforms) = postSolution
		{A0EA8F53-5893-47F0-BA1B-095528BE8946}.Debug|Any CPU.ActiveCfg = Debug|Any CPU
		{A0EA8F53-5893-47F0-BA1B-095528BE8946}.Debug|Any CPU.Build.0 = Debug|Any CPU
		{A0EA8F53-5893-47F0-BA1B-095528BE8946}.Release|Any CPU.ActiveCfg = Release|Any CPU
		{A0EA8F53-5893-47F0-BA1B-095528BE8946}.Release|Any CPU.Build.0 = Release|Any CPU
	EndGlobalSection
	GlobalSection(SolutionProperties) = preSolution
		HideSolutionNode = FALSE
	EndGlobalSection
	GlobalSection(ExtensibilityGlobals) = postSolution
		SolutionGuid = {4ABC67A9-1BAC-41FF-BA77-4DBA6BDC7C73}
	EndGlobalSection
EndGlobal
